
Microsoft Visual Studio Solution File, Format Version 12.00
# Visual Studio Version 17
VisualStudioVersion = 17.8.34330.188
MinimumVisualStudioVersion = 10.0.40219.1
Project("{FAE04EC0-301F-11D3-BF4B-00C04F79EFBC}") = "Company.MVC.PL", "Company.MVC.PL\Company.MVC.PL.csproj", "{DE7A3D20-9383-44F3-85BD-D7EC88B2A7ED}"
EndProject
Project("{FAE04EC0-301F-11D3-BF4B-00C04F79EFBC}") = "Company.MVC.BLL", "Company.MVC.BLL\Company.MVC.BLL.csproj", "{0205CCC7-169F-4FB2-804F-668FC90934D9}"
EndProject
Project("{FAE04EC0-301F-11D3-BF4B-00C04F79EFBC}") = "Company.MVC.DAL", "Company.MVC.DAL\Company.MVC.DAL.csproj", "{B907BCFC-30BE-45D7-813D-D6813C6E1DD7}"
EndProject
Global
	GlobalSection(SolutionConfigurationPlatforms) = preSolution
		Debug|Any CPU = Debug|Any CPU
		Release|Any CPU = Release|Any CPU
	EndGlobalSection
	GlobalSection(ProjectConfigurationPlatforms) = postSolution
		{DE7A3D20-9383-44F3-85BD-D7EC88B2A7ED}.Debug|Any CPU.ActiveCfg = Debug|Any CPU
		{DE7A3D20-9383-44F3-85BD-D7EC88B2A7ED}.Debug|Any CPU.Build.0 = Debug|Any CPU
		{DE7A3D20-9383-44F3-85BD-D7EC88B2A7ED}.Release|Any CPU.ActiveCfg = Release|Any CPU
		{DE7A3D20-9383-44F3-85BD-D7EC88B2A7ED}.Release|Any CPU.Build.0 = Release|Any CPU
		{0205CCC7-169F-4FB2-804F-668FC90934D9}.Debug|Any CPU.ActiveCfg = Debug|Any CPU
		{0205CCC7-169F-4FB2-804F-668FC90934D9}.Debug|Any CPU.Build.0 = Debug|Any CPU
		{0205CCC7-169F-4FB2-804F-668FC90934D9}.Release|Any CPU.ActiveCfg = Release|Any CPU
		{0205CCC7-169F-4FB2-804F-668FC90934D9}.Release|Any CPU.Build.0 = Release|Any CPU
		{B907BCFC-30BE-45D7-813D-D6813C6E1DD7}.Debug|Any CPU.ActiveCfg = Debug|Any CPU
		{B907BCFC-30BE-45D7-813D-D6813C6E1DD7}.Debug|Any CPU.Build.0 = Debug|Any CPU
		{B907BCFC-30BE-45D7-813D-D6813C6E1DD7}.Release|Any CPU.ActiveCfg = Release|Any CPU
		{B907BCFC-30BE-45D7-813D-D6813C6E1DD7}.Release|Any CPU.Build.0 = Release|Any CPU
	EndGlobalSection
	GlobalSection(SolutionProperties) = preSolution
		HideSolutionNode = FALSE
	EndGlobalSection
	GlobalSection(ExtensibilityGlobals) = postSolution
		SolutionGuid = {1E60C3A0-9CCA-489D-98EE-2E8016637896}
	EndGlobalSection
EndGlobal
